github.com/nunocoracao/blowfish/v2 v2.78.0 h1:rPNg+RGMpLwlOAhdlYUAGdUMxTVwhkZH8VrDnt+WGvs=
github.com/nunocoracao/blowfish/v2 v2.78.0/go.mod h1:4SkMc+Ht8gpQCwArqiHMBDP3soxi2OWuAhVney+cuyk=
github.com/nunocoracao/blowfish/v2 v2.83.0 h1:mqJYh4/CKLxkvOvW+gohQC0eJVNQ+f0vqDciT+2b/Fk=
github.com/nunocoracao/blowfish/v2 v2.83.0/go.mod h1:4SkMc+Ht8gpQCwArqiHMBDP3soxi2OWuAhVney+cuyk=
github.com/nunocoracao/blowfish/v2 v2.86.0 h1:wAnsjubJuoAWgvM0Xgh2H7+4bOBVFAgX3WUvYtXO2k8=
github.com/nunocoracao/blowfish/v2 v2.86.0/go.mod h1:4SkMc+Ht8gpQCwArqiHMBDP3soxi2OWuAhVney+cuyk=
github.com/nunocoracao/blowfish/v2 v2.89.1 h1:Y2GssdIeel5ee6+WP8DHttn2BbQWX7ak5BKK6mAfO7o=
github.com/nunocoracao/blowfish/v2 v2.89.1/go.mod h1:4SkMc+Ht8gpQCwArqiHMBDP3soxi2OWuAhVney+cuyk=
