github.com/nunocoracao/blowfish/v2 v2.106.0 h1:eIEF+HITN4VdKyZjYWSlfXyH6uCHCq4MMWu616MDWUA=
github.com/nunocoracao/blowfish/v2 v2.106.0/go.mod h1:4SkMc+Ht8gpQCwArqiHMBDP3soxi2OWuAhVney+cuyk=
github.com/nunocoracao/blowfish/v3 v3.6.0 h1:GxVGP9rhG2zwRNWwnm8Yk31oaOIF2KOVwOQ8UsS4JZQ=
github.com/nunocoracao/blowfish/v3 v3.6.0/go.mod h1:8lJwR95VgcyWDhjKvUJMdOQXogrmhYSxkWh4ogSJfCg=
